
Microsoft Visual Studio Solution File, Format Version 12.00
# Visual Studio Version 17
VisualStudioVersion = 17.14.36623.8
MinimumVisualStudioVersion = 10.0.40219.1
Project("{2150E333-8FDC-42A3-9474-1A3956D46DE8}") = "1. Store", "1. Store", "{02EA681E-C7D8-13C7-8484-4AC65E1B71E8}"
EndProject
Project("{2150E333-8FDC-42A3-9474-1A3956D46DE8}") = "2. Drop", "2. Drop", "{98F50DBD-BF8A-4E84-B293-53486032E3E7}"
EndProject
Project("{2150E333-8FDC-42A3-9474-1A3956D46DE8}") = "3. Gateway", "3. Gateway", "{1F6B0C17-1392-4EA2-A65B-B7465D9E5458}"
EndProject
Project("{FAE04EC0-301F-11D3-BF4B-00C04F79EFBC}") = "StoreCommerce.Api", "src\Store\StoreCommerce.Api\StoreCommerce.Api.csproj", "{4E533607-0A05-6EEE-4342-BD7E999F3BC2}"
EndProject
Project("{FAE04EC0-301F-11D3-BF4B-00C04F79EFBC}") = "DropCommerce.Api", "src\Drop\DropCommerce.Api\DropCommerce.Api.csproj", "{EC7E0E27-E5EE-2A12-FA6F-603666EEBAA6}"
EndProject
Project("{FAE04EC0-301F-11D3-BF4B-00C04F79EFBC}") = "Commerce.Gateway", "src\Gateway\Commerce.Gateway\Commerce.Gateway.csproj", "{6DC36FA8-00BE-9B0E-3397-CAA168D1DE19}"
EndProject
Global
	GlobalSection(SolutionConfigurationPlatforms) = preSolution
		Debug|Any CPU = Debug|Any CPU
		Release|Any CPU = Release|Any CPU
	EndGlobalSection
	GlobalSection(ProjectConfigurationPlatforms) = postSolution
		{4E533607-0A05-6EEE-4342-BD7E999F3BC2}.Debug|Any CPU.ActiveCfg = Debug|Any CPU
		{4E533607-0A05-6EEE-4342-BD7E999F3BC2}.Debug|Any CPU.Build.0 = Debug|Any CPU
		{4E533607-0A05-6EEE-4342-BD7E999F3BC2}.Release|Any CPU.ActiveCfg = Release|Any CPU
		{4E533607-0A05-6EEE-4342-BD7E999F3BC2}.Release|Any CPU.Build.0 = Release|Any CPU
		{EC7E0E27-E5EE-2A12-FA6F-603666EEBAA6}.Debug|Any CPU.ActiveCfg = Debug|Any CPU
		{EC7E0E27-E5EE-2A12-FA6F-603666EEBAA6}.Debug|Any CPU.Build.0 = Debug|Any CPU
		{EC7E0E27-E5EE-2A12-FA6F-603666EEBAA6}.Release|Any CPU.ActiveCfg = Release|Any CPU
		{EC7E0E27-E5EE-2A12-FA6F-603666EEBAA6}.Release|Any CPU.Build.0 = Release|Any CPU
		{6DC36FA8-00BE-9B0E-3397-CAA168D1DE19}.Debug|Any CPU.ActiveCfg = Debug|Any CPU
		{6DC36FA8-00BE-9B0E-3397-CAA168D1DE19}.Debug|Any CPU.Build.0 = Debug|Any CPU
		{6DC36FA8-00BE-9B0E-3397-CAA168D1DE19}.Release|Any CPU.ActiveCfg = Release|Any CPU
		{6DC36FA8-00BE-9B0E-3397-CAA168D1DE19}.Release|Any CPU.Build.0 = Release|Any CPU
	EndGlobalSection
	GlobalSection(SolutionProperties) = preSolution
		HideSolutionNode = FALSE
	EndGlobalSection
	GlobalSection(NestedProjects) = preSolution
		{4E533607-0A05-6EEE-4342-BD7E999F3BC2} = {02EA681E-C7D8-13C7-8484-4AC65E1B71E8}
		{EC7E0E27-E5EE-2A12-FA6F-603666EEBAA6} = {98F50DBD-BF8A-4E84-B293-53486032E3E7}
		{6DC36FA8-00BE-9B0E-3397-CAA168D1DE19} = {1F6B0C17-1392-4EA2-A65B-B7465D9E5458}
	EndGlobalSection
	GlobalSection(ExtensibilityGlobals) = postSolution
		SolutionGuid = {92A075FD-36F1-488E-8C1E-8000DF1D68B6}
	EndGlobalSection
EndGlobal
